
Microsoft Visual Studio Solution File, Format Version 10.00
# Visual Studio 2008
Project("{FAE04EC0-301F-11D3-BF4B-00C04F79EFBC}") = "ParserCombinators", "ParserCombinators\ParserCombinators.csproj", "{A0381A6D-68C9-4B89-AC72-DA8B6AB88078}"
EndProject
Global
	GlobalSection(SolutionConfigurationPlatforms) = preSolution
		Debug|Any CPU = Debug|Any CPU
		Release|Any CPU = Release|Any CPU
	EndGlobalSection
	GlobalSection(ProjectConfigurationPlatforms) = postSolution
		{A0381A6D-68C9-4B89-AC72-DA8B6AB88078}.Debug|Any CPU.ActiveCfg = Debug|Any CPU
		{A0381A6D-68C9-4B89-AC72-DA8B6AB88078}.Debug|Any CPU.Build.0 = Debug|Any CPU
		{A0381A6D-68C9-4B89-AC72-DA8B6AB88078}.Release|Any CPU.ActiveCfg = Release|Any CPU
		{A0381A6D-68C9-4B89-AC72-DA8B6AB88078}.Release|Any CPU.Build.0 = Release|Any CPU
	EndGlobalSection
	GlobalSection(SolutionProperties) = preSolution
		HideSolutionNode = FALSE
	EndGlobalSection
EndGlobal
