
Microsoft Visual Studio Solution File, Format Version 10.00
# Visual C# Express 2008
Project("{FAE04EC0-301F-11D3-BF4B-00C04F79EFBC}") = "AnonFunctions", "AnonFunctions\AnonFunctions.csproj", "{AB3BD2C2-F938-470C-988B-49C0F0FBE267}"
EndProject
Global
	GlobalSection(SolutionConfigurationPlatforms) = preSolution
		Debug|Any CPU = Debug|Any CPU
		Release|Any CPU = Release|Any CPU
	EndGlobalSection
	GlobalSection(ProjectConfigurationPlatforms) = postSolution
		{AB3BD2C2-F938-470C-988B-49C0F0FBE267}.Debug|Any CPU.ActiveCfg = Debug|Any CPU
		{AB3BD2C2-F938-470C-988B-49C0F0FBE267}.Debug|Any CPU.Build.0 = Debug|Any CPU
		{AB3BD2C2-F938-470C-988B-49C0F0FBE267}.Release|Any CPU.ActiveCfg = Release|Any CPU
		{AB3BD2C2-F938-470C-988B-49C0F0FBE267}.Release|Any CPU.Build.0 = Release|Any CPU
	EndGlobalSection
	GlobalSection(SolutionProperties) = preSolution
		HideSolutionNode = FALSE
	EndGlobalSection
EndGlobal
